{
  "name": "test-sms-send",
  "version": "1.0.0",
  "lockfileVersion": 1,
  "requires": true,
  "dependencies": {
    "springedge": {
      "version": "1.0.4",
      "resolved": "https://registry.npmjs.org/springedge/-/springedge-1.0.4.tgz",
      "integrity": "sha1-fk3n0hwYbue7Egk4CfdFkQ0lEY4="
    }
  }
}
